
Microsoft Visual Studio Solution File, Format Version 12.00
# Visual Studio 15
VisualStudioVersion = 15.0.28010.2048
MinimumVisualStudioVersion = 10.0.40219.1
Project("{FAE04EC0-301F-11D3-BF4B-00C04F79EFBC}") = "RealSolarSystem", "RealSolarSystem.csproj", "{685BBBD5-86FA-43B0-BCAD-72328D37AC94}"
EndProject
Global
	GlobalSection(SolutionConfigurationPlatforms) = preSolution
		Debug|Any CPU = Debug|Any CPU
		Release|Any CPU = Release|Any CPU
	EndGlobalSection
	GlobalSection(ProjectConfigurationPlatforms) = postSolution
		{685BBBD5-86FA-43B0-BCAD-72328D37AC94}.Debug|Any CPU.ActiveCfg = Debug|Any CPU
		{685BBBD5-86FA-43B0-BCAD-72328D37AC94}.Debug|Any CPU.Build.0 = Debug|Any CPU
		{685BBBD5-86FA-43B0-BCAD-72328D37AC94}.Release|Any CPU.ActiveCfg = Release|Any CPU
		{685BBBD5-86FA-43B0-BCAD-72328D37AC94}.Release|Any CPU.Build.0 = Release|Any CPU
	EndGlobalSection
	GlobalSection(SolutionProperties) = preSolution
		HideSolutionNode = FALSE
	EndGlobalSection
	GlobalSection(ExtensibilityGlobals) = postSolution
		SolutionGuid = {FE9C6F02-E2E4-46CD-A111-B67065840A81}
	EndGlobalSection
EndGlobal
